// !$*UTF8*$!
{
	archiveVersion = 1;
	classes = {
	};
	objectVersion = 50;
	objects = {

/* Begin PBXBuildFile section */
		8621CBDF263139280046CBEE /* MoonshotApp.swift in Sources */ = {isa = PBXBuildFile; fileRef = 8621CBDE263139280046CBEE /* MoonshotApp.swift */; };
		8621CBE1263139280046CBEE /* ContentView.swift in Sources */ = {isa = PBXBuildFile; fileRef = 8621CBE0263139280046CBEE /* ContentView.swift */; };
		8621CBE3263139280046CBEE /* Assets.xcassets in Resources */ = {isa = PBXBuildFile; fileRef = 8621CBE2263139280046CBEE /* Assets.xcassets */; };
		8621CBE6263139280046CBEE /* Preview Assets.xcassets in Resources */ = {isa = PBXBuildFile; fileRef = 8621CBE5263139280046CBEE /* Preview Assets.xcassets */; };
		8621CBF1263139280046CBEE /* MoonshotTests.swift in Sources */ = {isa = PBXBuildFile; fileRef = 8621CBF0263139280046CBEE /* MoonshotTests.swift */; };
		8621CBFC263139280046CBEE /* MoonshotUITests.swift in Sources */ = {isa = PBXBuildFile; fileRef = 8621CBFB263139280046CBEE /* MoonshotUITests.swift */; };
		864B706326328F5B0060FA65 /* astronauts.json in Resources */ = {isa = PBXBuildFile; fileRef = 864B706226328F5B0060FA65 /* astronauts.json */; };
		864B706826328F760060FA65 /* missions.json in Resources */ = {isa = PBXBuildFile; fileRef = 864B706726328F760060FA65 /* missions.json */; };
		864B71232632926E0060FA65 /* Astronuat.swift in Sources */ = {isa = PBXBuildFile; fileRef = 864B71222632926E0060FA65 /* Astronuat.swift */; };
		864B7128263293090060FA65 /* Bundle-Codable.swift in Sources */ = {isa = PBXBuildFile; fileRef = 864B7127263293090060FA65 /* Bundle-Codable.swift */; };
		864B712D2632971E0060FA65 /* Mission.swift in Sources */ = {isa = PBXBuildFile; fileRef = 864B712C2632971E0060FA65 /* Mission.swift */; };
/* End PBXBuildFile section */

/* Begin PBXContainerItemProxy section */
		8621CBED263139280046CBEE /* PBXContainerItemProxy */ = {
			isa = PBXContainerItemProxy;
			containerPortal = 8621CBD3263139270046CBEE /* Project object */;
			proxyType = 1;
			remoteGlobalIDString = 8621CBDA263139270046CBEE;
			remoteInfo = Moonshot;
		};
		8621CBF8263139280046CBEE /* PBXContainerItemProxy */ = {
			isa = PBXContainerItemProxy;
			containerPortal = 8621CBD3263139270046CBEE /* Project object */;
			proxyType = 1;
			remoteGlobalIDString = 8621CBDA263139270046CBEE;
			remoteInfo = Moonshot;
		};
/* End PBXContainerItemProxy section */

/* Begin PBXFileReference section */
		8621CBDB263139280046CBEE /* Moonshot.app */ = {isa = PBXFileReference; explicitFileType = wrapper.application; includeInIndex = 0; path = Moonshot.app; sourceTree = BUILT_PRODUCTS_DIR; };
		8621CBDE263139280046CBEE /* MoonshotApp.swift */ = {isa = PBXFileReference; lastKnownFileType = sourcecode.swift; path = MoonshotApp.swift; sourceTree = "<group>"; };
		8621CBE0263139280046CBEE /* ContentView.swift */ = {isa = PBXFileReference; lastKnownFileType = sourcecode.swift; path = ContentView.swift; sourceTree = "<group>"; };
		8621CBE2263139280046CBEE /* Assets.xcassets */ = {isa = PBXFileReference; lastKnownFileType = folder.assetcatalog; path = Assets.xcassets; sourceTree = "<group>"; };
		8621CBE5263139280046CBEE /* Preview Assets.xcassets */ = {isa = PBXFileReference; lastKnownFileType = folder.assetcatalog; path = "Preview Assets.xcassets"; sourceTree = "<group>"; };
		8621CBE7263139280046CBEE /* Info.plist */ = {isa = PBXFileReference; lastKnownFileType = text.plist.xml; path = Info.plist; sourceTree = "<group>"; };
		8621CBEC263139280046CBEE /* MoonshotTests.xctest */ = {isa = PBXFileReference; explicitFileType = wrapper.cfbundle; includeInIndex = 0; path = MoonshotTests.xctest; sourceTree = BUILT_PRODUCTS_DIR; };
		8621CBF0263139280046CBEE /* MoonshotTests.swift */ = {isa = PBXFileReference; lastKnownFileType = sourcecode.swift; path = MoonshotTests.swift; sourceTree = "<group>"; };
		8621CBF2263139280046CBEE /* Info.plist */ = {isa = PBXFileReference; lastKnownFileType = text.plist.xml; path = Info.plist; sourceTree = "<group>"; };
		8621CBF7263139280046CBEE /* MoonshotUITests.xctest */ = {isa = PBXFileReference; explicitFileType = wrapper.cfbundle; includeInIndex = 0; path = MoonshotUITests.xctest; sourceTree = BUILT_PRODUCTS_DIR; };
		8621CBFB263139280046CBEE /* MoonshotUITests.swift */ = {isa = PBXFileReference; lastKnownFileType = sourcecode.swift; path = MoonshotUITests.swift; sourceTree = "<group>"; };
		8621CBFD263139280046CBEE /* Info.plist */ = {isa = PBXFileReference; lastKnownFileType = text.plist.xml; path = Info.plist; sourceTree = "<group>"; };
		864B706226328F5B0060FA65 /* astronauts.json */ = {isa = PBXFileReference; fileEncoding = 4; lastKnownFileType = text.json; name = astronauts.json; path = "../../HackingWithSwift/SwiftUI/project8-files/astronauts.json"; sourceTree = "<group>"; };
		864B706726328F760060FA65 /* missions.json */ = {isa = PBXFileReference; fileEncoding = 4; lastKnownFileType = text.json; name = missions.json; path = "../../HackingWithSwift/SwiftUI/project8-files/missions.json"; sourceTree = "<group>"; };
		864B71222632926E0060FA65 /* Astronuat.swift */ = {isa = PBXFileReference; lastKnownFileType = sourcecode.swift; path = Astronuat.swift; sourceTree = "<group>"; };
		864B7127263293090060FA65 /* Bundle-Codable.swift */ = {isa = PBXFileReference; lastKnownFileType = sourcecode.swift; path = "Bundle-Codable.swift"; sourceTree = "<group>"; };
		864B712C2632971E0060FA65 /* Mission.swift */ = {isa = PBXFileReference; lastKnownFileType = sourcecode.swift; path = Mission.swift; sourceTree = "<group>"; };
/* End PBXFileReference section */

/* Begin PBXFrameworksBuildPhase section */
		8621CBD8263139270046CBEE /* Frameworks */ = {
			isa = PBXFrameworksBuildPhase;
			buildActionMask = 2147483647;
			files = (
			);
			runOnlyForDeploymentPostprocessing = 0;
		};
		8621CBE9263139280046CBEE /* Frameworks */ = {
			isa = PBXFrameworksBuildPhase;
			buildActionMask = 2147483647;
			files = (
			);
			runOnlyForDeploymentPostprocessing = 0;
		};
		8621CBF4263139280046CBEE /* Frameworks */ = {
			isa = PBXFrameworksBuildPhase;
			buildActionMask = 2147483647;
			files = (
			);
			runOnlyForDeploymentPostprocessing = 0;
		};
/* End PBXFrameworksBuildPhase section */

/* Begin PBXGroup section */
		8621CBD2263139270046CBEE = {
			isa = PBXGroup;
			children = (
				8621CBDD263139280046CBEE /* Moonshot */,
				8621CBEF263139280046CBEE /* MoonshotTests */,
				8621CBFA263139280046CBEE /* MoonshotUITests */,
				8621CBDC263139280046CBEE /* Products */,
			);
			sourceTree = "<group>";
		};
		8621CBDC263139280046CBEE /* Products */ = {
			isa = PBXGroup;
			children = (
				8621CBDB263139280046CBEE /* Moonshot.app */,
				8621CBEC263139280046CBEE /* MoonshotTests.xctest */,
				8621CBF7263139280046CBEE /* MoonshotUITests.xctest */,
			);
			name = Products;
			sourceTree = "<group>";
		};
		8621CBDD263139280046CBEE /* Moonshot */ = {
			isa = PBXGroup;
			children = (
				8621CBDE263139280046CBEE /* MoonshotApp.swift */,
				8621CBE0263139280046CBEE /* ContentView.swift */,
				864B71222632926E0060FA65 /* Astronuat.swift */,
				864B7127263293090060FA65 /* Bundle-Codable.swift */,
				8621CBE2263139280046CBEE /* Assets.xcassets */,
				864B706726328F760060FA65 /* missions.json */,
				864B706226328F5B0060FA65 /* astronauts.json */,
				8621CBE7263139280046CBEE /* Info.plist */,
				8621CBE4263139280046CBEE /* Preview Content */,
				864B712C2632971E0060FA65 /* Mission.swift */,
			);
			path = Moonshot;
			sourceTree = "<group>";
		};
		8621CBE4263139280046CBEE /* Preview Content */ = {
			isa = PBXGroup;
			children = (
				8621CBE5263139280046CBEE /* Preview Assets.xcassets */,
			);
			path = "Preview Content";
			sourceTree = "<group>";
		};
		8621CBEF263139280046CBEE /* MoonshotTests */ = {
			isa = PBXGroup;
			children = (
				8621CBF0263139280046CBEE /* MoonshotTests.swift */,
				8621CBF2263139280046CBEE /* Info.plist */,
			);
			path = MoonshotTests;
			sourceTree = "<group>";
		};
		8621CBFA263139280046CBEE /* MoonshotUITests */ = {
			isa = PBXGroup;
			children = (
				8621CBFB263139280046CBEE /* MoonshotUITests.swift */,
				8621CBFD263139280046CBEE /* Info.plist */,
			);
			path = MoonshotUITests;
			sourceTree = "<group>";
		};
/* End PBXGroup section */

/* Begin PBXNativeTarget section */
		8621CBDA263139270046CBEE /* Moonshot */ = {
			isa = PBXNativeTarget;
			buildConfigurationList = 8621CC00263139280046CBEE /* Build configuration list for PBXNativeTarget "Moonshot" */;
			buildPhases = (
				8621CBD7263139270046CBEE /* Sources */,
				8621CBD8263139270046CBEE /* Frameworks */,
				8621CBD9263139270046CBEE /* Resources */,
			);
			buildRules = (
			);
			dependencies = (
			);
			name = Moonshot;
			productName = Moonshot;
			productReference = 8621CBDB263139280046CBEE /* Moonshot.app */;
			productType = "com.apple.product-type.application";
		};
		8621CBEB263139280046CBEE /* MoonshotTests */ = {
			isa = PBXNativeTarget;
			buildConfigurationList = 8621CC03263139280046CBEE /* Build configuration list for PBXNativeTarget "MoonshotTests" */;
			buildPhases = (
				8621CBE8263139280046CBEE /* Sources */,
				8621CBE9263139280046CBEE /* Frameworks */,
				8621CBEA263139280046CBEE /* Resources */,
			);
			buildRules = (
			);
			dependencies = (
				8621CBEE263139280046CBEE /* PBXTargetDependency */,
			);
			name = MoonshotTests;
			productName = MoonshotTests;
			productReference = 8621CBEC263139280046CBEE /* MoonshotTests.xctest */;
			productType = "com.apple.product-type.bundle.unit-test";
		};
		8621CBF6263139280046CBEE /* MoonshotUITests */ = {
			isa = PBXNativeTarget;
			buildConfigurationList = 8621CC06263139280046CBEE /* Build configuration list for PBXNativeTarget "MoonshotUITests" */;
			buildPhases = (
				8621CBF3263139280046CBEE /* Sources */,
				8621CBF4263139280046CBEE /* Frameworks */,
				8621CBF5263139280046CBEE /* Resources */,
			);
			buildRules = (
			);
			dependencies = (
				8621CBF9263139280046CBEE /* PBXTargetDependency */,
			);
			name = MoonshotUITests;
			productName = MoonshotUITests;
			productReference = 8621CBF7263139280046CBEE /* MoonshotUITests.xctest */;
			productType = "com.apple.product-type.bundle.ui-testing";
		};
/* End PBXNativeTarget section */

/* Begin PBXProject section */
		8621CBD3263139270046CBEE /* Project object */ = {
			isa = PBXProject;
			attributes = {
				LastSwiftUpdateCheck = 1240;
				LastUpgradeCheck = 1240;
				TargetAttributes = {
					8621CBDA263139270046CBEE = {
						CreatedOnToolsVersion = 12.4;
					};
					8621CBEB263139280046CBEE = {
						CreatedOnToolsVersion = 12.4;
						TestTargetID = 8621CBDA263139270046CBEE;
					};
					8621CBF6263139280046CBEE = {
						CreatedOnToolsVersion = 12.4;
						TestTargetID = 8621CBDA263139270046CBEE;
					};
				};
			};
			buildConfigurationList = 8621CBD6263139270046CBEE /* Build configuration list for PBXProject "Moonshot" */;
			compatibilityVersion = "Xcode 9.3";
			developmentRegion = en;
			hasScannedForEncodings = 0;
			knownRegions = (
				en,
				Base,
			);
			mainGroup = 8621CBD2263139270046CBEE;
			productRefGroup = 8621CBDC263139280046CBEE /* Products */;
			projectDirPath = "";
			projectRoot = "";
			targets = (
				8621CBDA263139270046CBEE /* Moonshot */,
				8621CBEB263139280046CBEE /* MoonshotTests */,
				8621CBF6263139280046CBEE /* MoonshotUITests */,
			);
		};
/* End PBXProject section */

/* Begin PBXResourcesBuildPhase section */
		8621CBD9263139270046CBEE /* Resources */ = {
			isa = PBXResourcesBuildPhase;
			buildActionMask = 2147483647;
			files = (
				864B706326328F5B0060FA65 /* astronauts.json in Resources */,
				8621CBE6263139280046CBEE /* Preview Assets.xcassets in Resources */,
				864B706826328F760060FA65 /* missions.json in Resources */,
				8621CBE3263139280046CBEE /* Assets.xcassets in Resources */,
			);
			runOnlyForDeploymentPostprocessing = 0;
		};
		8621CBEA263139280046CBEE /* Resources */ = {
			isa = PBXResourcesBuildPhase;
			buildActionMask = 2147483647;
			files = (
			);
			runOnlyForDeploymentPostprocessing = 0;
		};
		8621CBF5263139280046CBEE /* Resources */ = {
			isa = PBXResourcesBuildPhase;
			buildActionMask = 2147483647;
			files = (
			);
			runOnlyForDeploymentPostprocessing = 0;
		};
/* End PBXResourcesBuildPhase section */

/* Begin PBXSourcesBuildPhase section */
		8621CBD7263139270046CBEE /* Sources */ = {
			isa = PBXSourcesBuildPhase;
			buildActionMask = 2147483647;
			files = (
				864B7128263293090060FA65 /* Bundle-Codable.swift in Sources */,
				864B71232632926E0060FA65 /* Astronuat.swift in Sources */,
				8621CBE1263139280046CBEE /* ContentView.swift in Sources */,
				864B712D2632971E0060FA65 /* Mission.swift in Sources */,
				8621CBDF263139280046CBEE /* MoonshotApp.swift in Sources */,
			);
			runOnlyForDeploymentPostprocessing = 0;
		};
		8621CBE8263139280046CBEE /* Sources */ = {
			isa = PBXSourcesBuildPhase;
			buildActionMask = 2147483647;
			files = (
				8621CBF1263139280046CBEE /* MoonshotTests.swift in Sources */,
			);
			runOnlyForDeploymentPostprocessing = 0;
		};
		8621CBF3263139280046CBEE /* Sources */ = {
			isa = PBXSourcesBuildPhase;
			buildActionMask = 2147483647;
			files = (
				8621CBFC263139280046CBEE /* MoonshotUITests.swift in Sources */,
			);
			runOnlyForDeploymentPostprocessing = 0;
		};
/* End PBXSourcesBuildPhase section */

/* Begin PBXTargetDependency section */
		8621CBEE263139280046CBEE /* PBXTargetDependency */ = {
			isa = PBXTargetDependency;
			target = 8621CBDA263139270046CBEE /* Moonshot */;
			targetProxy = 8621CBED263139280046CBEE /* PBXContainerItemProxy */;
		};
		8621CBF9263139280046CBEE /* PBXTargetDependency */ = {
			isa = PBXTargetDependency;
			target = 8621CBDA263139270046CBEE /* Moonshot */;
			targetProxy = 8621CBF8263139280046CBEE /* PBXContainerItemProxy */;
		};
/* End PBXTargetDependency section */

/* Begin XCBuildConfiguration section */
		8621CBFE263139280046CBEE /* Debug */ = {
			isa = XCBuildConfiguration;
			buildSettings = {
				ALWAYS_SEARCH_USER_PATHS = NO;
				CLANG_ANALYZER_NONNULL = YES;
				CLANG_ANALYZER_NUMBER_OBJECT_CONVERSION = YES_AGGRESSIVE;
				CLANG_CXX_LANGUAGE_STANDARD = "gnu++14";
				CLANG_CXX_LIBRARY = "libc++";
				CLANG_ENABLE_MODULES = YES;
				CLANG_ENABLE_OBJC_ARC = YES;
				CLANG_ENABLE_OBJC_WEAK = YES;
				CLANG_WARN_BLOCK_CAPTURE_AUTORELEASING = YES;
				CLANG_WARN_BOOL_CONVERSION = YES;
				CLANG_WARN_COMMA = YES;
				CLANG_WARN_CONSTANT_CONVERSION = YES;
				CLANG_WARN_DEPRECATED_OBJC_IMPLEMENTATIONS = YES;
				CLANG_WARN_DIRECT_OBJC_ISA_USAGE = YES_ERROR;
				CLANG_WARN_DOCUMENTATION_COMMENTS = YES;
				CLANG_WARN_EMPTY_BODY = YES;
				CLANG_WARN_ENUM_CONVERSION = YES;
				CLANG_WARN_INFINITE_RECURSION = YES;
				CLANG_WARN_INT_CONVERSION = YES;
				CLANG_WARN_NON_LITERAL_NULL_CONVERSION = YES;
				CLANG_WARN_OBJC_IMPLICIT_RETAIN_SELF = YES;
				CLANG_WARN_OBJC_LITERAL_CONVERSION = YES;
				CLANG_WARN_OBJC_ROOT_CLASS = YES_ERROR;
				CLANG_WARN_QUOTED_INCLUDE_IN_FRAMEWORK_HEADER = YES;
				CLANG_WARN_RANGE_LOOP_ANALYSIS = YES;
				CLANG_WARN_STRICT_PROTOTYPES = YES;
				CLANG_WARN_SUSPICIOUS_MOVE = YES;
				CLANG_WARN_UNGUARDED_AVAILABILITY = YES_AGGRESSIVE;
				CLANG_WARN_UNREACHABLE_CODE = YES;
				CLANG_WARN__DUPLICATE_METHOD_MATCH = YES;
				COPY_PHASE_STRIP = NO;
				DEBUG_INFORMATION_FORMAT = dwarf;
				ENABLE_STRICT_OBJC_MSGSEND = YES;
				ENABLE_TESTABILITY = YES;
				GCC_C_LANGUAGE_STANDARD = gnu11;
				GCC_DYNAMIC_NO_PIC = NO;
				GCC_NO_COMMON_BLOCKS = YES;
				GCC_OPTIMIZATION_LEVEL = 0;
				GCC_PREPROCESSOR_DEFINITIONS = (
					"DEBUG=1",
					"$(inherited)",
				);
				GCC_WARN_64_TO_32_BIT_CONVERSION = YES;
				GCC_WARN_ABOUT_RETURN_TYPE = YES_ERROR;
				GCC_WARN_UNDECLARED_SELECTOR = YES;
				GCC_WARN_UNINITIALIZED_AUTOS = YES_AGGRESSIVE;
				GCC_WARN_UNUSED_FUNCTION = YES;
				GCC_WARN_UNUSED_VARIABLE = YES;
				IPHONEOS_DEPLOYMENT_TARGET = 14.4;
				MTL_ENABLE_DEBUG_INFO = INCLUDE_SOURCE;
				MTL_FAST_MATH = YES;
				ONLY_ACTIVE_ARCH = YES;
				SDKROOT = iphoneos;
				SWIFT_ACTIVE_COMPILATION_CONDITIONS = DEBUG;
				SWIFT_OPTIMIZATION_LEVEL = "-Onone";
			};
			name = Debug;
		};
		8621CBFF263139280046CBEE /* Release */ = {
			isa = XCBuildConfiguration;
			buildSettings = {
				ALWAYS_SEARCH_USER_PATHS = NO;
				CLANG_ANALYZER_NONNULL = YES;
				CLANG_ANALYZER_NUMBER_OBJECT_CONVERSION = YES_AGGRESSIVE;
				CLANG_CXX_LANGUAGE_STANDARD = "gnu++14";
				CLANG_CXX_LIBRARY = "libc++";
				CLANG_ENABLE_MODULES = YES;
				CLANG_ENABLE_OBJC_ARC = YES;
				CLANG_ENABLE_OBJC_WEAK = YES;
				CLANG_WARN_BLOCK_CAPTURE_AUTORELEASING = YES;
				CLANG_WARN_BOOL_CONVERSION = YES;
				CLANG_WARN_COMMA = YES;
				CLANG_WARN_CONSTANT_CONVERSION = YES;
				CLANG_WARN_DEPRECATED_OBJC_IMPLEMENTATIONS = YES;
				CLANG_WARN_DIRECT_OBJC_ISA_USAGE = YES_ERROR;
				CLANG_WARN_DOCUMENTATION_COMMENTS = YES;
				CLANG_WARN_EMPTY_BODY = YES;
				CLANG_WARN_ENUM_CONVERSION = YES;
				CLANG_WARN_INFINITE_RECURSION = YES;
				CLANG_WARN_INT_CONVERSION = YES;
				CLANG_WARN_NON_LITERAL_NULL_CONVERSION = YES;
				CLANG_WARN_OBJC_IMPLICIT_RETAIN_SELF = YES;
				CLANG_WARN_OBJC_LITERAL_CONVERSION = YES;
				CLANG_WARN_OBJC_ROOT_CLASS = YES_ERROR;
				CLANG_WARN_QUOTED_INCLUDE_IN_FRAMEWORK_HEADER = YES;
				CLANG_WARN_RANGE_LOOP_ANALYSIS = YES;
				CLANG_WARN_STRICT_PROTOTYPES = YES;
				CLANG_WARN_SUSPICIOUS_MOVE = YES;
				CLANG_WARN_UNGUARDED_AVAILABILITY = YES_AGGRESSIVE;
				CLANG_WARN_UNREACHABLE_CODE = YES;
				CLANG_WARN__DUPLICATE_METHOD_MATCH = YES;
				COPY_PHASE_STRIP = NO;
				DEBUG_INFORMATION_FORMAT = "dwarf-with-dsym";
				ENABLE_NS_ASSERTIONS = NO;
				ENABLE_STRICT_OBJC_MSGSEND = YES;
				GCC_C_LANGUAGE_STANDARD = gnu11;
				GCC_NO_COMMON_BLOCKS = YES;
				GCC_WARN_64_TO_32_BIT_CONVERSION = YES;
				GCC_WARN_ABOUT_RETURN_TYPE = YES_ERROR;
				GCC_WARN_UNDECLARED_SELECTOR = YES;
				GCC_WARN_UNINITIALIZED_AUTOS = YES_AGGRESSIVE;
				GCC_WARN_UNUSED_FUNCTION = YES;
				GCC_WARN_UNUSED_VARIABLE = YES;
				IPHONEOS_DEPLOYMENT_TARGET = 14.4;
				MTL_ENABLE_DEBUG_INFO = NO;
				MTL_FAST_MATH = YES;
				SDKROOT = iphoneos;
				SWIFT_COMPILATION_MODE = wholemodule;
				SWIFT_OPTIMIZATION_LEVEL = "-O";
				VALIDATE_PRODUCT = YES;
			};
			name = Release;
		};
		8621CC01263139280046CBEE /* Debug */ = {
			isa = XCBuildConfiguration;
			buildSettings = {
				ASSETCATALOG_COMPILER_APPICON_NAME = AppIcon;
				ASSETCATALOG_COMPILER_GLOBAL_ACCENT_COLOR_NAME = AccentColor;
				CODE_SIGN_STYLE = Automatic;
				DEVELOPMENT_ASSET_PATHS = "\"Moonshot/Preview Content\"";
				ENABLE_PREVIEWS = YES;
				INFOPLIST_FILE = Moonshot/Info.plist;
				IPHONEOS_DEPLOYMENT_TARGET = 14.0;
				LD_RUNPATH_SEARCH_PATHS = (
					"$(inherited)",
					"@executable_path/Frameworks",
				);
				PRODUCT_BUNDLE_IDENTIFIER = me.oluwasanmi.aderibigbe.Moonshot;
				PRODUCT_NAME = "$(TARGET_NAME)";
				SWIFT_VERSION = 5.0;
				TARGETED_DEVICE_FAMILY = "1,2";
			};
			name = Debug;
		};
		8621CC02263139280046CBEE /* Release */ = {
			isa = XCBuildConfiguration;
			buildSettings = {
				ASSETCATALOG_COMPILER_APPICON_NAME = AppIcon;
				ASSETCATALOG_COMPILER_GLOBAL_ACCENT_COLOR_NAME = AccentColor;
				CODE_SIGN_STYLE = Automatic;
				DEVELOPMENT_ASSET_PATHS = "\"Moonshot/Preview Content\"";
				ENABLE_PREVIEWS = YES;
				INFOPLIST_FILE = Moonshot/Info.plist;
				IPHONEOS_DEPLOYMENT_TARGET = 14.0;
				LD_RUNPATH_SEARCH_PATHS = (
					"$(inherited)",
					"@executable_path/Frameworks",
				);
				PRODUCT_BUNDLE_IDENTIFIER = me.oluwasanmi.aderibigbe.Moonshot;
				PRODUCT_NAME = "$(TARGET_NAME)";
				SWIFT_VERSION = 5.0;
				TARGETED_DEVICE_FAMILY = "1,2";
			};
			name = Release;
		};
		8621CC04263139280046CBEE /* Debug */ = {
			isa = XCBuildConfiguration;
			buildSettings = {
				ALWAYS_EMBED_SWIFT_STANDARD_LIBRARIES = YES;
				BUNDLE_LOADER = "$(TEST_HOST)";
				CODE_SIGN_STYLE = Automatic;
				INFOPLIST_FILE = MoonshotTests/Info.plist;
				IPHONEOS_DEPLOYMENT_TARGET = 14.0;
				LD_RUNPATH_SEARCH_PATHS = (
					"$(inherited)",
					"@executable_path/Frameworks",
					"@loader_path/Frameworks",
				);
				PRODUCT_BUNDLE_IDENTIFIER = me.oluwasanmi.aderibigbe.MoonshotTests;
				PRODUCT_NAME = "$(TARGET_NAME)";
				SWIFT_VERSION = 5.0;
				TARGETED_DEVICE_FAMILY = "1,2";
				TEST_HOST = "$(BUILT_PRODUCTS_DIR)/Moonshot.app/Moonshot";
			};
			name = Debug;
		};
		8621CC05263139280046CBEE /* Release */ = {
			isa = XCBuildConfiguration;
			buildSettings = {
				ALWAYS_EMBED_SWIFT_STANDARD_LIBRARIES = YES;
				BUNDLE_LOADER = "$(TEST_HOST)";
				CODE_SIGN_STYLE = Automatic;
				INFOPLIST_FILE = MoonshotTests/Info.plist;
				IPHONEOS_DEPLOYMENT_TARGET = 14.0;
				LD_RUNPATH_SEARCH_PATHS = (
					"$(inherited)",
					"@executable_path/Frameworks",
					"@loader_path/Frameworks",
				);
				PRODUCT_BUNDLE_IDENTIFIER = me.oluwasanmi.aderibigbe.MoonshotTests;
				PRODUCT_NAME = "$(TARGET_NAME)";
				SWIFT_VERSION = 5.0;
				TARGETED_DEVICE_FAMILY = "1,2";
				TEST_HOST = "$(BUILT_PRODUCTS_DIR)/Moonshot.app/Moonshot";
			};
			name = Release;
		};
		8621CC07263139280046CBEE /* Debug */ = {
			isa = XCBuildConfiguration;
			buildSettings = {
				ALWAYS_EMBED_SWIFT_STANDARD_LIBRARIES = YES;
				CODE_SIGN_STYLE = Automatic;
				INFOPLIST_FILE = MoonshotUITests/Info.plist;
				LD_RUNPATH_SEARCH_PATHS = (
					"$(inherited)",
					"@executable_path/Frameworks",
					"@loader_path/Frameworks",
				);
				PRODUCT_BUNDLE_IDENTIFIER = me.oluwasanmi.aderibigbe.MoonshotUITests;
				PRODUCT_NAME = "$(TARGET_NAME)";
				SWIFT_VERSION = 5.0;
				TARGETED_DEVICE_FAMILY = "1,2";
				TEST_TARGET_NAME = Moonshot;
			};
			name = Debug;
		};
		8621CC08263139280046CBEE /* Release */ = {
			isa = XCBuildConfiguration;
			buildSettings = {
				ALWAYS_EMBED_SWIFT_STANDARD_LIBRARIES = YES;
				CODE_SIGN_STYLE = Automatic;
				INFOPLIST_FILE = MoonshotUITests/Info.plist;
				LD_RUNPATH_SEARCH_PATHS = (
					"$(inherited)",
					"@executable_path/Frameworks",
					"@loader_path/Frameworks",
				);
				PRODUCT_BUNDLE_IDENTIFIER = me.oluwasanmi.aderibigbe.MoonshotUITests;
				PRODUCT_NAME = "$(TARGET_NAME)";
				SWIFT_VERSION = 5.0;
				TARGETED_DEVICE_FAMILY = "1,2";
				TEST_TARGET_NAME = Moonshot;
			};
			name = Release;
		};
/* End XCBuildConfiguration section */

/* Begin XCConfigurationList section */
		8621CBD6263139270046CBEE /* Build configuration list for PBXProject "Moonshot" */ = {
			isa = XCConfigurationList;
			buildConfigurations = (
				8621CBFE263139280046CBEE /* Debug */,
				8621CBFF263139280046CBEE /* Release */,
			);
			defaultConfigurationIsVisible = 0;
			defaultConfigurationName = Release;
		};
		8621CC00263139280046CBEE /* Build configuration list for PBXNativeTarget "Moonshot" */ = {
			isa = XCConfigurationList;
			buildConfigurations = (
				8621CC01263139280046CBEE /* Debug */,
				8621CC02263139280046CBEE /* Release */,
			);
			defaultConfigurationIsVisible = 0;
			defaultConfigurationName = Release;
		};
		8621CC03263139280046CBEE /* Build configuration list for PBXNativeTarget "MoonshotTests" */ = {
			isa = XCConfigurationList;
			buildConfigurations = (
				8621CC04263139280046CBEE /* Debug */,
				8621CC05263139280046CBEE /* Release */,
			);
			defaultConfigurationIsVisible = 0;
			defaultConfigurationName = Release;
		};
		8621CC06263139280046CBEE /* Build configuration list for PBXNativeTarget "MoonshotUITests" */ = {
			isa = XCConfigurationList;
			buildConfigurations = (
				8621CC07263139280046CBEE /* Debug */,
				8621CC08263139280046CBEE /* Release */,
			);
			defaultConfigurationIsVisible = 0;
			defaultConfigurationName = Release;
		};
/* End XCConfigurationList section */
	};
	rootObject = 8621CBD3263139270046CBEE /* Project object */;
}
